
Microsoft Visual Studio Solution File, Format Version 12.00
# Visual Studio Version 16
VisualStudioVersion = 16.0.28803.202
MinimumVisualStudioVersion = 10.0.40219.1
Project("{FAE04EC0-301F-11D3-BF4B-00C04F79EFBC}") = "DataExplorer", "testApp\DataExplorer.csproj", "{7CB0C553-51A3-4912-ADCA-DBBF6CA931CC}"
EndProject
Global
	GlobalSection(SolutionConfigurationPlatforms) = preSolution
		Debug|Any CPU = Debug|Any CPU
		Release|Any CPU = Release|Any CPU
	EndGlobalSection
	GlobalSection(ProjectConfigurationPlatforms) = postSolution
		{7CB0C553-51A3-4912-ADCA-DBBF6CA931CC}.Debug|Any CPU.ActiveCfg = Debug|Any CPU
		{7CB0C553-51A3-4912-ADCA-DBBF6CA931CC}.Debug|Any CPU.Build.0 = Debug|Any CPU
		{7CB0C553-51A3-4912-ADCA-DBBF6CA931CC}.Release|Any CPU.ActiveCfg = Release|Any CPU
		{7CB0C553-51A3-4912-ADCA-DBBF6CA931CC}.Release|Any CPU.Build.0 = Release|Any CPU
	EndGlobalSection
	GlobalSection(SolutionProperties) = preSolution
		HideSolutionNode = FALSE
	EndGlobalSection
	GlobalSection(ExtensibilityGlobals) = postSolution
		SolutionGuid = {5809BAFE-0676-4138-AE91-643AF989D7A9}
	EndGlobalSection
EndGlobal
