
Microsoft Visual Studio Solution File, Format Version 12.00
# Visual Studio Version 16
VisualStudioVersion = 16.0.30204.135
MinimumVisualStudioVersion = 10.0.40219.1
Project("{FAE04EC0-301F-11D3-BF4B-00C04F79EFBC}") = "StatsProgram(1.0)", "StatsProgram\StatsProgram(1.0).csproj", "{A35F4309-5AC5-4143-BA3E-18038F083271}"
EndProject
Project("{FAE04EC0-301F-11D3-BF4B-00C04F79EFBC}") = "StatsProgram(NetCore)", "StatsProgram(NetCore)\StatsProgram(NetCore).csproj", "{F980E423-8E0B-426A-9101-AF5EB7553123}"
EndProject
Global
	GlobalSection(SolutionConfigurationPlatforms) = preSolution
		Debug|Any CPU = Debug|Any CPU
		Release|Any CPU = Release|Any CPU
	EndGlobalSection
	GlobalSection(ProjectConfigurationPlatforms) = postSolution
		{A35F4309-5AC5-4143-BA3E-18038F083271}.Debug|Any CPU.ActiveCfg = Debug|Any CPU
		{A35F4309-5AC5-4143-BA3E-18038F083271}.Debug|Any CPU.Build.0 = Debug|Any CPU
		{A35F4309-5AC5-4143-BA3E-18038F083271}.Release|Any CPU.ActiveCfg = Release|Any CPU
		{A35F4309-5AC5-4143-BA3E-18038F083271}.Release|Any CPU.Build.0 = Release|Any CPU
		{F980E423-8E0B-426A-9101-AF5EB7553123}.Debug|Any CPU.ActiveCfg = Debug|Any CPU
		{F980E423-8E0B-426A-9101-AF5EB7553123}.Debug|Any CPU.Build.0 = Debug|Any CPU
		{F980E423-8E0B-426A-9101-AF5EB7553123}.Release|Any CPU.ActiveCfg = Release|Any CPU
		{F980E423-8E0B-426A-9101-AF5EB7553123}.Release|Any CPU.Build.0 = Release|Any CPU
	EndGlobalSection
	GlobalSection(SolutionProperties) = preSolution
		HideSolutionNode = FALSE
	EndGlobalSection
	GlobalSection(ExtensibilityGlobals) = postSolution
		SolutionGuid = {12F730A1-E1C5-4D37-9BCB-0A136CF347DD}
	EndGlobalSection
EndGlobal
