
Microsoft Visual Studio Solution File, Format Version 12.00
# Visual Studio 15
VisualStudioVersion = 15.0.27703.2035
MinimumVisualStudioVersion = 10.0.40219.1
Project("{FAE04EC0-301F-11D3-BF4B-00C04F79EFBC}") = "MattProject(CardCollection)", "MattProject(CardCollection)\MattProject(CardCollection).csproj", "{D6B6762A-93E8-4ABD-AD57-AB3BB9D4C20D}"
EndProject
Global
	GlobalSection(SolutionConfigurationPlatforms) = preSolution
		Debug|Any CPU = Debug|Any CPU
		Release|Any CPU = Release|Any CPU
	EndGlobalSection
	GlobalSection(ProjectConfigurationPlatforms) = postSolution
		{D6B6762A-93E8-4ABD-AD57-AB3BB9D4C20D}.Debug|Any CPU.ActiveCfg = Debug|Any CPU
		{D6B6762A-93E8-4ABD-AD57-AB3BB9D4C20D}.Debug|Any CPU.Build.0 = Debug|Any CPU
		{D6B6762A-93E8-4ABD-AD57-AB3BB9D4C20D}.Release|Any CPU.ActiveCfg = Release|Any CPU
		{D6B6762A-93E8-4ABD-AD57-AB3BB9D4C20D}.Release|Any CPU.Build.0 = Release|Any CPU
	EndGlobalSection
	GlobalSection(SolutionProperties) = preSolution
		HideSolutionNode = FALSE
	EndGlobalSection
	GlobalSection(ExtensibilityGlobals) = postSolution
		SolutionGuid = {250836B3-F9D1-4665-A5A8-E64B77BEC7AC}
	EndGlobalSection
EndGlobal
